// !$*UTF8*$!
{
	archiveVersion = 1;
	classes = {
	};
	objectVersion = 48;
	objects = {

/* Begin PBXBuildFile section */
		338277681FF930B50077F5F4 /* CocoaSwift.h in Headers */ = {isa = PBXBuildFile; fileRef = 338277671FF930B50077F5F4 /* CocoaSwift.h */; settings = {ATTRIBUTES = (Public, ); }; };
		338277691FF930B50077F5F4 /* CocoaSwift.h in Headers */ = {isa = PBXBuildFile; fileRef = 338277671FF930B50077F5F4 /* CocoaSwift.h */; settings = {ATTRIBUTES = (Public, ); }; };
		3382776B1FF930D00077F5F4 /* Array.Sequence.mm in Sources */ = {isa = PBXBuildFile; fileRef = 3382776A1FF930D00077F5F4 /* Array.Sequence.mm */; };
		3382776C1FF930D00077F5F4 /* Array.Sequence.mm in Sources */ = {isa = PBXBuildFile; fileRef = 3382776A1FF930D00077F5F4 /* Array.Sequence.mm */; };
		3382776E1FF930F00077F5F4 /* Extension.cpp in Sources */ = {isa = PBXBuildFile; fileRef = 3382776D1FF930F00077F5F4 /* Extension.cpp */; };
		3382776F1FF930F00077F5F4 /* Extension.cpp in Sources */ = {isa = PBXBuildFile; fileRef = 3382776D1FF930F00077F5F4 /* Extension.cpp */; };
		338277711FF937080077F5F4 /* Sequence.m in Sources */ = {isa = PBXBuildFile; fileRef = 338277701FF937080077F5F4 /* Sequence.m */; };
		338277721FF937080077F5F4 /* Sequence.m in Sources */ = {isa = PBXBuildFile; fileRef = 338277701FF937080077F5F4 /* Sequence.m */; };
		338277761FF94A960077F5F4 /* swift in Headers */ = {isa = PBXBuildFile; fileRef = 338277551FF9305D0077F5F4 /* swift */; settings = {ATTRIBUTES = (Public, ); }; };
		338277771FF94A960077F5F4 /* meta in Headers */ = {isa = PBXBuildFile; fileRef = 338277541FF9305D0077F5F4 /* meta */; settings = {ATTRIBUTES = (Public, ); }; };
		338277781FF94A960077F5F4 /* log in Headers */ = {isa = PBXBuildFile; fileRef = 338277531FF9305C0077F5F4 /* log */; settings = {ATTRIBUTES = (Public, ); }; };
		338277791FF94A960077F5F4 /* Protocol in Headers */ = {isa = PBXBuildFile; fileRef = 338277601FF930930077F5F4 /* Protocol */; settings = {ATTRIBUTES = (Public, ); }; };
		3382777A1FF94A960077F5F4 /* Extension in Headers */ = {isa = PBXBuildFile; fileRef = 3382775E1FF930930077F5F4 /* Extension */; settings = {ATTRIBUTES = (Public, ); }; };
		3382777B1FF94A960077F5F4 /* Sequence in Headers */ = {isa = PBXBuildFile; fileRef = 3382775F1FF930930077F5F4 /* Sequence */; settings = {ATTRIBUTES = (Public, ); }; };
		3382777C1FF94A960077F5F4 /* Type in Headers */ = {isa = PBXBuildFile; fileRef = 338277431FF92F3D0077F5F4 /* Type */; settings = {ATTRIBUTES = (Public, ); }; };
		3382777D1FF94A960077F5F4 /* Array in Headers */ = {isa = PBXBuildFile; fileRef = 338277481FF92F520077F5F4 /* Array */; settings = {ATTRIBUTES = (Public, ); }; };
		3382777E1FF94A960077F5F4 /* Array.Type in Headers */ = {isa = PBXBuildFile; fileRef = 338277461FF92F520077F5F4 /* Array.Type */; settings = {ATTRIBUTES = (Public, ); }; };
		3382777F1FF94A960077F5F4 /* Array.Sequence in Headers */ = {isa = PBXBuildFile; fileRef = 338277471FF92F520077F5F4 /* Array.Sequence */; settings = {ATTRIBUTES = (Public, ); }; };
		338277801FF94A970077F5F4 /* swift in Headers */ = {isa = PBXBuildFile; fileRef = 338277551FF9305D0077F5F4 /* swift */; settings = {ATTRIBUTES = (Public, ); }; };
		338277811FF94A970077F5F4 /* meta in Headers */ = {isa = PBXBuildFile; fileRef = 338277541FF9305D0077F5F4 /* meta */; settings = {ATTRIBUTES = (Public, ); }; };
		338277821FF94A970077F5F4 /* log in Headers */ = {isa = PBXBuildFile; fileRef = 338277531FF9305C0077F5F4 /* log */; settings = {ATTRIBUTES = (Public, ); }; };
		338277831FF94A970077F5F4 /* Protocol in Headers */ = {isa = PBXBuildFile; fileRef = 338277601FF930930077F5F4 /* Protocol */; settings = {ATTRIBUTES = (Public, ); }; };
		338277841FF94A970077F5F4 /* Extension in Headers */ = {isa = PBXBuildFile; fileRef = 3382775E1FF930930077F5F4 /* Extension */; settings = {ATTRIBUTES = (Public, ); }; };
		338277851FF94A970077F5F4 /* Sequence in Headers */ = {isa = PBXBuildFile; fileRef = 3382775F1FF930930077F5F4 /* Sequence */; settings = {ATTRIBUTES = (Public, ); }; };
		338277861FF94A970077F5F4 /* Type in Headers */ = {isa = PBXBuildFile; fileRef = 338277431FF92F3D0077F5F4 /* Type */; settings = {ATTRIBUTES = (Public, ); }; };
		338277871FF94A970077F5F4 /* Array in Headers */ = {isa = PBXBuildFile; fileRef = 338277481FF92F520077F5F4 /* Array */; settings = {ATTRIBUTES = (Public, ); }; };
		338277881FF94A970077F5F4 /* Array.Type in Headers */ = {isa = PBXBuildFile; fileRef = 338277461FF92F520077F5F4 /* Array.Type */; settings = {ATTRIBUTES = (Public, ); }; };
		338277891FF94A970077F5F4 /* Array.Sequence in Headers */ = {isa = PBXBuildFile; fileRef = 338277471FF92F520077F5F4 /* Array.Sequence */; settings = {ATTRIBUTES = (Public, ); }; };
		338277911FF951690077F5F4 /* CocoaSwiftTests.m in Sources */ = {isa = PBXBuildFile; fileRef = 338277901FF951690077F5F4 /* CocoaSwiftTests.m */; };
		338277931FF951690077F5F4 /* CocoaSwift.framework in Frameworks */ = {isa = PBXBuildFile; fileRef = 330CBA441FF36DC4001FD41C /* CocoaSwift.framework */; };
		33F5AF391FFA1CE800296338 /* IteratorProtocol in Headers */ = {isa = PBXBuildFile; fileRef = 33F5AF341FFA1CCA00296338 /* IteratorProtocol */; settings = {ATTRIBUTES = (Public, ); }; };
		33F5AF3A1FFA1CE900296338 /* IteratorProtocol in Headers */ = {isa = PBXBuildFile; fileRef = 33F5AF341FFA1CCA00296338 /* IteratorProtocol */; settings = {ATTRIBUTES = (Public, ); }; };
/* End PBXBuildFile section */

/* Begin PBXContainerItemProxy section */
		338277941FF951690077F5F4 /* PBXContainerItemProxy */ = {
			isa = PBXContainerItemProxy;
			containerPortal = 330CBA3B1FF36DC4001FD41C /* Project object */;
			proxyType = 1;
			remoteGlobalIDString = 330CBA431FF36DC4001FD41C;
			remoteInfo = CocoaSwift.macOS;
		};
/* End PBXContainerItemProxy section */

/* Begin PBXFileReference section */
		330CBA441FF36DC4001FD41C /* CocoaSwift.framework */ = {isa = PBXFileReference; explicitFileType = wrapper.framework; includeInIndex = 0; path = CocoaSwift.framework; sourceTree = BUILT_PRODUCTS_DIR; };
		330CBA481FF36DC4001FD41C /* Info.plist */ = {isa = PBXFileReference; lastKnownFileType = text.plist.xml; path = Info.plist; sourceTree = "<group>"; };
		330CBA551FF36EE1001FD41C /* CocoaSwift.framework */ = {isa = PBXFileReference; explicitFileType = wrapper.framework; includeInIndex = 0; path = CocoaSwift.framework; sourceTree = BUILT_PRODUCTS_DIR; };
		3311FBCF1FF373EE00DBEB0B /* LICENSE */ = {isa = PBXFileReference; fileEncoding = 4; lastKnownFileType = text; path = LICENSE; sourceTree = "<group>"; };
		3311FBD01FF373EE00DBEB0B /* CocoaSwift.podspec */ = {isa = PBXFileReference; explicitFileType = text.script.ruby; fileEncoding = 4; path = CocoaSwift.podspec; sourceTree = "<group>"; };
		3311FBD11FF373EE00DBEB0B /* Podfile */ = {isa = PBXFileReference; explicitFileType = text.script.ruby; fileEncoding = 4; path = Podfile; sourceTree = "<group>"; };
		3311FBD21FF373EE00DBEB0B /* README.md */ = {isa = PBXFileReference; fileEncoding = 4; lastKnownFileType = net.daringfireball.markdown; path = README.md; sourceTree = "<group>"; };
		3311FBD91FF37A6300DBEB0B /* Debug.xcconfig */ = {isa = PBXFileReference; lastKnownFileType = text.xcconfig; path = Debug.xcconfig; sourceTree = "<group>"; };
		3311FBDA1FF37A6300DBEB0B /* Release.xcconfig */ = {isa = PBXFileReference; lastKnownFileType = text.xcconfig; path = Release.xcconfig; sourceTree = "<group>"; };
		338277431FF92F3D0077F5F4 /* Type */ = {isa = PBXFileReference; explicitFileType = sourcecode.c.h; fileEncoding = 4; name = Type; path = "Public Headers/Type"; sourceTree = "<group>"; };
		338277461FF92F520077F5F4 /* Array.Type */ = {isa = PBXFileReference; explicitFileType = sourcecode.c.h; fileEncoding = 4; name = Array.Type; path = "Public Headers/Array.Type"; sourceTree = "<group>"; };
		338277471FF92F520077F5F4 /* Array.Sequence */ = {isa = PBXFileReference; explicitFileType = sourcecode.c.h; fileEncoding = 4; name = Array.Sequence; path = "Public Headers/Array.Sequence"; sourceTree = "<group>"; };
		338277481FF92F520077F5F4 /* Array */ = {isa = PBXFileReference; explicitFileType = sourcecode.c.h; fileEncoding = 4; name = Array; path = "Public Headers/Array"; sourceTree = "<group>"; };
		338277531FF9305C0077F5F4 /* log */ = {isa = PBXFileReference; explicitFileType = sourcecode.c.h; fileEncoding = 4; name = log; path = "Public Headers/log"; sourceTree = "<group>"; };
		338277541FF9305D0077F5F4 /* meta */ = {isa = PBXFileReference; explicitFileType = sourcecode.c.h; fileEncoding = 4; name = meta; path = "Public Headers/meta"; sourceTree = "<group>"; };
		338277551FF9305D0077F5F4 /* swift */ = {isa = PBXFileReference; explicitFileType = sourcecode.c.h; fileEncoding = 4; name = swift; path = "Public Headers/swift"; sourceTree = "<group>"; };
		3382775E1FF930930077F5F4 /* Extension */ = {isa = PBXFileReference; explicitFileType = sourcecode.c.h; fileEncoding = 4; name = Extension; path = "Public Headers/Extension"; sourceTree = "<group>"; };
		3382775F1FF930930077F5F4 /* Sequence */ = {isa = PBXFileReference; explicitFileType = sourcecode.c.h; fileEncoding = 4; name = Sequence; path = "Public Headers/Sequence"; sourceTree = "<group>"; };
		338277601FF930930077F5F4 /* Protocol */ = {isa = PBXFileReference; explicitFileType = sourcecode.c.h; fileEncoding = 4; name = Protocol; path = "Public Headers/Protocol"; sourceTree = "<group>"; };
		338277671FF930B50077F5F4 /* CocoaSwift.h */ = {isa = PBXFileReference; explicitFileType = sourcecode.c.h; fileEncoding = 4; path = CocoaSwift.h; sourceTree = "<group>"; };
		3382776A1FF930D00077F5F4 /* Array.Sequence.mm */ = {isa = PBXFileReference; fileEncoding = 4; lastKnownFileType = sourcecode.cpp.objcpp; name = Array.Sequence.mm; path = Source/Array.Sequence.mm; sourceTree = "<group>"; };
		3382776D1FF930F00077F5F4 /* Extension.cpp */ = {isa = PBXFileReference; explicitFileType = sourcecode.cpp.cpp; fileEncoding = 4; name = Extension.cpp; path = Source/Extension.cpp; sourceTree = "<group>"; };
		338277701FF937080077F5F4 /* Sequence.m */ = {isa = PBXFileReference; lastKnownFileType = sourcecode.c.objc; name = Sequence.m; path = Source/Sequence.m; sourceTree = "<group>"; };
		3382778E1FF951690077F5F4 /* CocoaSwiftTests.xctest */ = {isa = PBXFileReference; explicitFileType = wrapper.cfbundle; includeInIndex = 0; path = CocoaSwiftTests.xctest; sourceTree = BUILT_PRODUCTS_DIR; };
		338277901FF951690077F5F4 /* CocoaSwiftTests.m */ = {isa = PBXFileReference; lastKnownFileType = sourcecode.c.objc; path = CocoaSwiftTests.m; sourceTree = "<group>"; };
		3382779C1FF952780077F5F4 /* Info.plist */ = {isa = PBXFileReference; lastKnownFileType = text.plist.xml; path = Info.plist; sourceTree = "<group>"; };
		33F5AF341FFA1CCA00296338 /* IteratorProtocol */ = {isa = PBXFileReference; explicitFileType = sourcecode.c.h; fileEncoding = 4; name = IteratorProtocol; path = "Public Headers/IteratorProtocol"; sourceTree = "<group>"; };
/* End PBXFileReference section */

/* Begin PBXFrameworksBuildPhase section */
		330CBA401FF36DC4001FD41C /* Frameworks */ = {
			isa = PBXFrameworksBuildPhase;
			buildActionMask = 2147483647;
			files = (
			);
			runOnlyForDeploymentPostprocessing = 0;
		};
		330CBA511FF36EE1001FD41C /* Frameworks */ = {
			isa = PBXFrameworksBuildPhase;
			buildActionMask = 2147483647;
			files = (
			);
			runOnlyForDeploymentPostprocessing = 0;
		};
		3382778B1FF951690077F5F4 /* Frameworks */ = {
			isa = PBXFrameworksBuildPhase;
			buildActionMask = 2147483647;
			files = (
				338277931FF951690077F5F4 /* CocoaSwift.framework in Frameworks */,
			);
			runOnlyForDeploymentPostprocessing = 0;
		};
/* End PBXFrameworksBuildPhase section */

/* Begin PBXGroup section */
		330CBA3A1FF36DC4001FD41C = {
			isa = PBXGroup;
			children = (
				338277111FF92DA90077F5F4 /* Swift */,
				3311FBD81FF37A6300DBEB0B /* Config */,
				330CBA4F1FF36E39001FD41C /* Supporting Files */,
				3311FBCE1FF373E000DBEB0B /* Deployment */,
				3382778F1FF951690077F5F4 /* Tests */,
				330CBA451FF36DC4001FD41C /* Products */,
			);
			sourceTree = "<group>";
		};
		330CBA451FF36DC4001FD41C /* Products */ = {
			isa = PBXGroup;
			children = (
				330CBA441FF36DC4001FD41C /* CocoaSwift.framework */,
				330CBA551FF36EE1001FD41C /* CocoaSwift.framework */,
				3382778E1FF951690077F5F4 /* CocoaSwiftTests.xctest */,
			);
			name = Products;
			sourceTree = "<group>";
		};
		330CBA4F1FF36E39001FD41C /* Supporting Files */ = {
			isa = PBXGroup;
			children = (
				338277671FF930B50077F5F4 /* CocoaSwift.h */,
				330CBA481FF36DC4001FD41C /* Info.plist */,
			);
			path = "Supporting Files";
			sourceTree = "<group>";
		};
		3311FBCE1FF373E000DBEB0B /* Deployment */ = {
			isa = PBXGroup;
			children = (
				3311FBD11FF373EE00DBEB0B /* Podfile */,
				3311FBD01FF373EE00DBEB0B /* CocoaSwift.podspec */,
				3311FBD21FF373EE00DBEB0B /* README.md */,
				3311FBCF1FF373EE00DBEB0B /* LICENSE */,
			);
			name = Deployment;
			sourceTree = "<group>";
		};
		3311FBD81FF37A6300DBEB0B /* Config */ = {
			isa = PBXGroup;
			children = (
				3311FBD91FF37A6300DBEB0B /* Debug.xcconfig */,
				3311FBDA1FF37A6300DBEB0B /* Release.xcconfig */,
			);
			path = Config;
			sourceTree = "<group>";
		};
		338277111FF92DA90077F5F4 /* Swift */ = {
			isa = PBXGroup;
			children = (
				338277511FF9304C0077F5F4 /* Meta */,
				338277501FF92FEA0077F5F4 /* Protocol */,
				338277421FF92F1E0077F5F4 /* Type */,
			);
			path = Swift;
			sourceTree = "<group>";
		};
		338277421FF92F1E0077F5F4 /* Type */ = {
			isa = PBXGroup;
			children = (
				338277431FF92F3D0077F5F4 /* Type */,
				3382774F1FF92FB90077F5F4 /* Array */,
			);
			name = Type;
			sourceTree = "<group>";
		};
		3382774F1FF92FB90077F5F4 /* Array */ = {
			isa = PBXGroup;
			children = (
				338277481FF92F520077F5F4 /* Array */,
				338277461FF92F520077F5F4 /* Array.Type */,
				338277471FF92F520077F5F4 /* Array.Sequence */,
				3382776A1FF930D00077F5F4 /* Array.Sequence.mm */,
			);
			name = Array;
			sourceTree = "<group>";
		};
		338277501FF92FEA0077F5F4 /* Protocol */ = {
			isa = PBXGroup;
			children = (
				338277601FF930930077F5F4 /* Protocol */,
				3382775E1FF930930077F5F4 /* Extension */,
				3382776D1FF930F00077F5F4 /* Extension.cpp */,
				33F5AF341FFA1CCA00296338 /* IteratorProtocol */,
				3382775F1FF930930077F5F4 /* Sequence */,
				338277701FF937080077F5F4 /* Sequence.m */,
			);
			name = Protocol;
			sourceTree = "<group>";
		};
		338277511FF9304C0077F5F4 /* Meta */ = {
			isa = PBXGroup;
			children = (
				338277551FF9305D0077F5F4 /* swift */,
				338277541FF9305D0077F5F4 /* meta */,
				338277531FF9305C0077F5F4 /* log */,
			);
			name = Meta;
			sourceTree = "<group>";
		};
		3382778F1FF951690077F5F4 /* Tests */ = {
			isa = PBXGroup;
			children = (
				338277901FF951690077F5F4 /* CocoaSwiftTests.m */,
				3382779A1FF951F10077F5F4 /* Supporting Files */,
			);
			path = Tests;
			sourceTree = "<group>";
		};
		3382779A1FF951F10077F5F4 /* Supporting Files */ = {
			isa = PBXGroup;
			children = (
				3382779C1FF952780077F5F4 /* Info.plist */,
			);
			name = "Supporting Files";
			sourceTree = "<group>";
		};
/* End PBXGroup section */

/* Begin PBXHeadersBuildPhase section */
		330CBA411FF36DC4001FD41C /* Headers */ = {
			isa = PBXHeadersBuildPhase;
			buildActionMask = 2147483647;
			files = (
				338277771FF94A960077F5F4 /* meta in Headers */,
				338277781FF94A960077F5F4 /* log in Headers */,
				3382777A1FF94A960077F5F4 /* Extension in Headers */,
				3382777D1FF94A960077F5F4 /* Array in Headers */,
				33F5AF391FFA1CE800296338 /* IteratorProtocol in Headers */,
				3382777B1FF94A960077F5F4 /* Sequence in Headers */,
				3382777F1FF94A960077F5F4 /* Array.Sequence in Headers */,
				338277761FF94A960077F5F4 /* swift in Headers */,
				3382777C1FF94A960077F5F4 /* Type in Headers */,
				338277681FF930B50077F5F4 /* CocoaSwift.h in Headers */,
				338277791FF94A960077F5F4 /* Protocol in Headers */,
				3382777E1FF94A960077F5F4 /* Array.Type in Headers */,
			);
			runOnlyForDeploymentPostprocessing = 0;
		};
		330CBA521FF36EE1001FD41C /* Headers */ = {
			isa = PBXHeadersBuildPhase;
			buildActionMask = 2147483647;
			files = (
				338277811FF94A970077F5F4 /* meta in Headers */,
				338277821FF94A970077F5F4 /* log in Headers */,
				338277841FF94A970077F5F4 /* Extension in Headers */,
				338277871FF94A970077F5F4 /* Array in Headers */,
				33F5AF3A1FFA1CE900296338 /* IteratorProtocol in Headers */,
				338277831FF94A970077F5F4 /* Protocol in Headers */,
				338277851FF94A970077F5F4 /* Sequence in Headers */,
				338277891FF94A970077F5F4 /* Array.Sequence in Headers */,
				338277801FF94A970077F5F4 /* swift in Headers */,
				338277861FF94A970077F5F4 /* Type in Headers */,
				338277691FF930B50077F5F4 /* CocoaSwift.h in Headers */,
				338277881FF94A970077F5F4 /* Array.Type in Headers */,
			);
			runOnlyForDeploymentPostprocessing = 0;
		};
/* End PBXHeadersBuildPhase section */

/* Begin PBXNativeTarget section */
		330CBA431FF36DC4001FD41C /* CocoaSwift.macOS */ = {
			isa = PBXNativeTarget;
			buildConfigurationList = 330CBA4C1FF36DC4001FD41C /* Build configuration list for PBXNativeTarget "CocoaSwift.macOS" */;
			buildPhases = (
				330CBA3F1FF36DC4001FD41C /* Sources */,
				330CBA401FF36DC4001FD41C /* Frameworks */,
				330CBA411FF36DC4001FD41C /* Headers */,
				330CBA421FF36DC4001FD41C /* Resources */,
			);
			buildRules = (
			);
			dependencies = (
			);
			name = CocoaSwift.macOS;
			productName = CocoaSwift;
			productReference = 330CBA441FF36DC4001FD41C /* CocoaSwift.framework */;
			productType = "com.apple.product-type.framework";
		};
		330CBA541FF36EE1001FD41C /* CocoaSwift.iOS */ = {
			isa = PBXNativeTarget;
			buildConfigurationList = 330CBA5A1FF36EE2001FD41C /* Build configuration list for PBXNativeTarget "CocoaSwift.iOS" */;
			buildPhases = (
				330CBA501FF36EE1001FD41C /* Sources */,
				330CBA511FF36EE1001FD41C /* Frameworks */,
				330CBA521FF36EE1001FD41C /* Headers */,
				330CBA531FF36EE1001FD41C /* Resources */,
			);
			buildRules = (
			);
			dependencies = (
			);
			name = CocoaSwift.iOS;
			productName = CocoaSwift.iOS;
			productReference = 330CBA551FF36EE1001FD41C /* CocoaSwift.framework */;
			productType = "com.apple.product-type.framework";
		};
		3382778D1FF951690077F5F4 /* CocoaSwiftTests */ = {
			isa = PBXNativeTarget;
			buildConfigurationList = 338277981FF951690077F5F4 /* Build configuration list for PBXNativeTarget "CocoaSwiftTests" */;
			buildPhases = (
				3382778A1FF951690077F5F4 /* Sources */,
				3382778B1FF951690077F5F4 /* Frameworks */,
				3382778C1FF951690077F5F4 /* Resources */,
			);
			buildRules = (
			);
			dependencies = (
				338277951FF951690077F5F4 /* PBXTargetDependency */,
			);
			name = CocoaSwiftTests;
			productName = CocoaSwiftTests;
			productReference = 3382778E1FF951690077F5F4 /* CocoaSwiftTests.xctest */;
			productType = "com.apple.product-type.bundle.unit-test";
		};
/* End PBXNativeTarget section */

/* Begin PBXProject section */
		330CBA3B1FF36DC4001FD41C /* Project object */ = {
			isa = PBXProject;
			attributes = {
				LastUpgradeCheck = 0900;
				ORGANIZATIONNAME = alchemistxxd;
				TargetAttributes = {
					330CBA431FF36DC4001FD41C = {
						CreatedOnToolsVersion = 9.0.1;
						LastSwiftMigration = 0900;
						ProvisioningStyle = Manual;
					};
					330CBA541FF36EE1001FD41C = {
						CreatedOnToolsVersion = 9.0.1;
						LastSwiftMigration = 0900;
						ProvisioningStyle = Automatic;
					};
					3382778D1FF951690077F5F4 = {
						CreatedOnToolsVersion = 9.0.1;
						ProvisioningStyle = Automatic;
					};
				};
			};
			buildConfigurationList = 330CBA3E1FF36DC4001FD41C /* Build configuration list for PBXProject "CocoaSwift" */;
			compatibilityVersion = "Xcode 8.0";
			developmentRegion = en;
			hasScannedForEncodings = 0;
			knownRegions = (
				en,
			);
			mainGroup = 330CBA3A1FF36DC4001FD41C;
			productRefGroup = 330CBA451FF36DC4001FD41C /* Products */;
			projectDirPath = "";
			projectRoot = "";
			targets = (
				330CBA431FF36DC4001FD41C /* CocoaSwift.macOS */,
				330CBA541FF36EE1001FD41C /* CocoaSwift.iOS */,
				3382778D1FF951690077F5F4 /* CocoaSwiftTests */,
			);
		};
/* End PBXProject section */

/* Begin PBXResourcesBuildPhase section */
		330CBA421FF36DC4001FD41C /* Resources */ = {
			isa = PBXResourcesBuildPhase;
			buildActionMask = 2147483647;
			files = (
			);
			runOnlyForDeploymentPostprocessing = 0;
		};
		330CBA531FF36EE1001FD41C /* Resources */ = {
			isa = PBXResourcesBuildPhase;
			buildActionMask = 2147483647;
			files = (
			);
			runOnlyForDeploymentPostprocessing = 0;
		};
		3382778C1FF951690077F5F4 /* Resources */ = {
			isa = PBXResourcesBuildPhase;
			buildActionMask = 2147483647;
			files = (
			);
			runOnlyForDeploymentPostprocessing = 0;
		};
/* End PBXResourcesBuildPhase section */

/* Begin PBXSourcesBuildPhase section */
		330CBA3F1FF36DC4001FD41C /* Sources */ = {
			isa = PBXSourcesBuildPhase;
			buildActionMask = 2147483647;
			files = (
				3382776B1FF930D00077F5F4 /* Array.Sequence.mm in Sources */,
				3382776E1FF930F00077F5F4 /* Extension.cpp in Sources */,
				338277711FF937080077F5F4 /* Sequence.m in Sources */,
			);
			runOnlyForDeploymentPostprocessing = 0;
		};
		330CBA501FF36EE1001FD41C /* Sources */ = {
			isa = PBXSourcesBuildPhase;
			buildActionMask = 2147483647;
			files = (
				3382776C1FF930D00077F5F4 /* Array.Sequence.mm in Sources */,
				3382776F1FF930F00077F5F4 /* Extension.cpp in Sources */,
				338277721FF937080077F5F4 /* Sequence.m in Sources */,
			);
			runOnlyForDeploymentPostprocessing = 0;
		};
		3382778A1FF951690077F5F4 /* Sources */ = {
			isa = PBXSourcesBuildPhase;
			buildActionMask = 2147483647;
			files = (
				338277911FF951690077F5F4 /* CocoaSwiftTests.m in Sources */,
			);
			runOnlyForDeploymentPostprocessing = 0;
		};
/* End PBXSourcesBuildPhase section */

/* Begin PBXTargetDependency section */
		338277951FF951690077F5F4 /* PBXTargetDependency */ = {
			isa = PBXTargetDependency;
			target = 330CBA431FF36DC4001FD41C /* CocoaSwift.macOS */;
			targetProxy = 338277941FF951690077F5F4 /* PBXContainerItemProxy */;
		};
/* End PBXTargetDependency section */

/* Begin XCBuildConfiguration section */
		330CBA4A1FF36DC4001FD41C /* Debug */ = {
			isa = XCBuildConfiguration;
			baseConfigurationReference = 3311FBD91FF37A6300DBEB0B /* Debug.xcconfig */;
			buildSettings = {
				ALWAYS_SEARCH_USER_PATHS = NO;
				CLANG_ANALYZER_NONNULL = YES;
				CLANG_ANALYZER_NUMBER_OBJECT_CONVERSION = YES_AGGRESSIVE;
				CLANG_CXX_LIBRARY = "libc++";
				CLANG_ENABLE_MODULES = YES;
				CLANG_ENABLE_OBJC_ARC = YES;
				CLANG_WARN_BLOCK_CAPTURE_AUTORELEASING = YES;
				CLANG_WARN_BOOL_CONVERSION = YES;
				CLANG_WARN_COMMA = YES;
				CLANG_WARN_CONSTANT_CONVERSION = YES;
				CLANG_WARN_DIRECT_OBJC_ISA_USAGE = YES_ERROR;
				CLANG_WARN_DOCUMENTATION_COMMENTS = YES;
				CLANG_WARN_EMPTY_BODY = YES;
				CLANG_WARN_ENUM_CONVERSION = YES;
				CLANG_WARN_INFINITE_RECURSION = YES;
				CLANG_WARN_INT_CONVERSION = YES;
				CLANG_WARN_NON_LITERAL_NULL_CONVERSION = YES;
				CLANG_WARN_OBJC_LITERAL_CONVERSION = YES;
				CLANG_WARN_OBJC_ROOT_CLASS = YES_ERROR;
				CLANG_WARN_RANGE_LOOP_ANALYSIS = YES;
				CLANG_WARN_STRICT_PROTOTYPES = YES;
				CLANG_WARN_SUSPICIOUS_MOVE = YES;
				CLANG_WARN_UNGUARDED_AVAILABILITY = YES_AGGRESSIVE;
				CLANG_WARN_UNREACHABLE_CODE = YES;
				CLANG_WARN__DUPLICATE_METHOD_MATCH = YES;
				CODE_SIGN_IDENTITY = "Mac Developer";
				COPY_PHASE_STRIP = NO;
				CURRENT_PROJECT_VERSION = 1;
				DEBUG_INFORMATION_FORMAT = dwarf;
				ENABLE_STRICT_OBJC_MSGSEND = YES;
				ENABLE_TESTABILITY = YES;
				GCC_C_LANGUAGE_STANDARD = gnu11;
				GCC_DYNAMIC_NO_PIC = NO;
				GCC_NO_COMMON_BLOCKS = YES;
				GCC_OPTIMIZATION_LEVEL = 0;
				GCC_PREPROCESSOR_DEFINITIONS = (
					"DEBUG=1",
					"$(inherited)",
				);
				GCC_WARN_64_TO_32_BIT_CONVERSION = YES;
				GCC_WARN_ABOUT_RETURN_TYPE = YES_ERROR;
				GCC_WARN_UNDECLARED_SELECTOR = YES;
				GCC_WARN_UNINITIALIZED_AUTOS = YES_AGGRESSIVE;
				GCC_WARN_UNUSED_FUNCTION = YES;
				GCC_WARN_UNUSED_VARIABLE = YES;
				IPHONEOS_DEPLOYMENT_TARGET = 8.0;
				MACOSX_DEPLOYMENT_TARGET = 10.10;
				MTL_ENABLE_DEBUG_INFO = YES;
				ONLY_ACTIVE_ARCH = YES;
				SDKROOT = macosx;
				VERSIONING_SYSTEM = "apple-generic";
				VERSION_INFO_PREFIX = "";
			};
			name = Debug;
		};
		330CBA4B1FF36DC4001FD41C /* Release */ = {
			isa = XCBuildConfiguration;
			baseConfigurationReference = 3311FBDA1FF37A6300DBEB0B /* Release.xcconfig */;
			buildSettings = {
				ALWAYS_SEARCH_USER_PATHS = NO;
				CLANG_ANALYZER_NONNULL = YES;
				CLANG_ANALYZER_NUMBER_OBJECT_CONVERSION = YES_AGGRESSIVE;
				CLANG_CXX_LIBRARY = "libc++";
				CLANG_ENABLE_MODULES = YES;
				CLANG_ENABLE_OBJC_ARC = YES;
				CLANG_WARN_BLOCK_CAPTURE_AUTORELEASING = YES;
				CLANG_WARN_BOOL_CONVERSION = YES;
				CLANG_WARN_COMMA = YES;
				CLANG_WARN_CONSTANT_CONVERSION = YES;
				CLANG_WARN_DIRECT_OBJC_ISA_USAGE = YES_ERROR;
				CLANG_WARN_DOCUMENTATION_COMMENTS = YES;
				CLANG_WARN_EMPTY_BODY = YES;
				CLANG_WARN_ENUM_CONVERSION = YES;
				CLANG_WARN_INFINITE_RECURSION = YES;
				CLANG_WARN_INT_CONVERSION = YES;
				CLANG_WARN_NON_LITERAL_NULL_CONVERSION = YES;
				CLANG_WARN_OBJC_LITERAL_CONVERSION = YES;
				CLANG_WARN_OBJC_ROOT_CLASS = YES_ERROR;
				CLANG_WARN_RANGE_LOOP_ANALYSIS = YES;
				CLANG_WARN_STRICT_PROTOTYPES = YES;
				CLANG_WARN_SUSPICIOUS_MOVE = YES;
				CLANG_WARN_UNGUARDED_AVAILABILITY = YES_AGGRESSIVE;
				CLANG_WARN_UNREACHABLE_CODE = YES;
				CLANG_WARN__DUPLICATE_METHOD_MATCH = YES;
				CODE_SIGN_IDENTITY = "Mac Developer";
				COPY_PHASE_STRIP = NO;
				CURRENT_PROJECT_VERSION = 1;
				DEBUG_INFORMATION_FORMAT = "dwarf-with-dsym";
				ENABLE_NS_ASSERTIONS = NO;
				ENABLE_STRICT_OBJC_MSGSEND = YES;
				GCC_C_LANGUAGE_STANDARD = gnu11;
				GCC_NO_COMMON_BLOCKS = YES;
				GCC_WARN_64_TO_32_BIT_CONVERSION = YES;
				GCC_WARN_ABOUT_RETURN_TYPE = YES_ERROR;
				GCC_WARN_UNDECLARED_SELECTOR = YES;
				GCC_WARN_UNINITIALIZED_AUTOS = YES_AGGRESSIVE;
				GCC_WARN_UNUSED_FUNCTION = YES;
				GCC_WARN_UNUSED_VARIABLE = YES;
				IPHONEOS_DEPLOYMENT_TARGET = 8.0;
				MACOSX_DEPLOYMENT_TARGET = 10.10;
				MTL_ENABLE_DEBUG_INFO = NO;
				SDKROOT = macosx;
				VERSIONING_SYSTEM = "apple-generic";
				VERSION_INFO_PREFIX = "";
			};
			name = Release;
		};
		330CBA4D1FF36DC4001FD41C /* Debug */ = {
			isa = XCBuildConfiguration;
			buildSettings = {
				CLANG_ENABLE_MODULES = YES;
				CODE_SIGN_IDENTITY = "";
				CODE_SIGN_STYLE = Manual;
				COMBINE_HIDPI_IMAGES = YES;
				DEFINES_MODULE = YES;
				DEVELOPMENT_TEAM = "";
				DYLIB_COMPATIBILITY_VERSION = 1;
				DYLIB_CURRENT_VERSION = 1;
				DYLIB_INSTALL_NAME_BASE = "@rpath";
				FRAMEWORK_VERSION = A;
				INFOPLIST_FILE = "Supporting Files/Info.plist";
				INSTALL_PATH = "$(LOCAL_LIBRARY_DIR)/Frameworks";
				LD_RUNPATH_SEARCH_PATHS = "$(inherited) @executable_path/../Frameworks @loader_path/Frameworks";
				PRODUCT_BUNDLE_IDENTIFIER = "com.0xxd0.$(PRODUCT_NAME:rfc1034identifier)";
				PRODUCT_NAME = CocoaSwift;
				PROVISIONING_PROFILE_SPECIFIER = "";
				SKIP_INSTALL = YES;
				SWIFT_OPTIMIZATION_LEVEL = "-Onone";
				SWIFT_VERSION = 3.0;
			};
			name = Debug;
		};
		330CBA4E1FF36DC4001FD41C /* Release */ = {
			isa = XCBuildConfiguration;
			buildSettings = {
				CLANG_ENABLE_MODULES = YES;
				CODE_SIGN_IDENTITY = "";
				CODE_SIGN_STYLE = Manual;
				COMBINE_HIDPI_IMAGES = YES;
				DEFINES_MODULE = YES;
				DEVELOPMENT_TEAM = "";
				DYLIB_COMPATIBILITY_VERSION = 1;
				DYLIB_CURRENT_VERSION = 1;
				DYLIB_INSTALL_NAME_BASE = "@rpath";
				FRAMEWORK_VERSION = A;
				INFOPLIST_FILE = "Supporting Files/Info.plist";
				INSTALL_PATH = "$(LOCAL_LIBRARY_DIR)/Frameworks";
				LD_RUNPATH_SEARCH_PATHS = "$(inherited) @executable_path/../Frameworks @loader_path/Frameworks";
				PRODUCT_BUNDLE_IDENTIFIER = "com.0xxd0.$(PRODUCT_NAME:rfc1034identifier)";
				PRODUCT_NAME = CocoaSwift;
				PROVISIONING_PROFILE_SPECIFIER = "";
				SKIP_INSTALL = YES;
				SWIFT_VERSION = 3.0;
			};
			name = Release;
		};
		330CBA5B1FF36EE2001FD41C /* Debug */ = {
			isa = XCBuildConfiguration;
			buildSettings = {
				CLANG_ENABLE_MODULES = YES;
				CODE_SIGN_IDENTITY = "iPhone Developer";
				CODE_SIGN_STYLE = Automatic;
				DEFINES_MODULE = YES;
				DYLIB_COMPATIBILITY_VERSION = 1;
				DYLIB_CURRENT_VERSION = 1;
				DYLIB_INSTALL_NAME_BASE = "@rpath";
				INFOPLIST_FILE = "Supporting Files/Info.plist";
				INSTALL_PATH = "$(LOCAL_LIBRARY_DIR)/Frameworks";
				IPHONEOS_DEPLOYMENT_TARGET = 11.0;
				LD_RUNPATH_SEARCH_PATHS = "$(inherited) @executable_path/Frameworks @loader_path/Frameworks";
				PRODUCT_BUNDLE_IDENTIFIER = "com.0xxd0.$(PRODUCT_NAME:rfc1034identifier)";
				PRODUCT_NAME = CocoaSwift;
				SDKROOT = iphoneos;
				SKIP_INSTALL = YES;
				SWIFT_OPTIMIZATION_LEVEL = "-Onone";
				SWIFT_VERSION = 3.0;
				TARGETED_DEVICE_FAMILY = "1,2";
			};
			name = Debug;
		};
		330CBA5C1FF36EE2001FD41C /* Release */ = {
			isa = XCBuildConfiguration;
			buildSettings = {
				CLANG_ENABLE_MODULES = YES;
				CODE_SIGN_IDENTITY = "iPhone Developer";
				CODE_SIGN_STYLE = Automatic;
				DEFINES_MODULE = YES;
				DYLIB_COMPATIBILITY_VERSION = 1;
				DYLIB_CURRENT_VERSION = 1;
				DYLIB_INSTALL_NAME_BASE = "@rpath";
				INFOPLIST_FILE = "Supporting Files/Info.plist";
				INSTALL_PATH = "$(LOCAL_LIBRARY_DIR)/Frameworks";
				IPHONEOS_DEPLOYMENT_TARGET = 11.0;
				LD_RUNPATH_SEARCH_PATHS = "$(inherited) @executable_path/Frameworks @loader_path/Frameworks";
				PRODUCT_BUNDLE_IDENTIFIER = "com.0xxd0.$(PRODUCT_NAME:rfc1034identifier)";
				PRODUCT_NAME = CocoaSwift;
				SDKROOT = iphoneos;
				SKIP_INSTALL = YES;
				SWIFT_VERSION = 3.0;
				TARGETED_DEVICE_FAMILY = "1,2";
				VALIDATE_PRODUCT = YES;
			};
			name = Release;
		};
		338277961FF951690077F5F4 /* Debug */ = {
			isa = XCBuildConfiguration;
			buildSettings = {
				CLANG_CXX_LANGUAGE_STANDARD = "gnu++14";
				CODE_SIGN_IDENTITY = "-";
				CODE_SIGN_STYLE = Automatic;
				COMBINE_HIDPI_IMAGES = YES;
				INFOPLIST_FILE = Tests/Info.plist;
				LD_RUNPATH_SEARCH_PATHS = "$(inherited) @executable_path/../Frameworks @loader_path/../Frameworks";
				MACOSX_DEPLOYMENT_TARGET = 10.13;
				PRODUCT_BUNDLE_IDENTIFIER = "com.0xxd0.$(PRODUCT_NAME:rfc1034identifier)";
				PRODUCT_NAME = "$(TARGET_NAME)";
			};
			name = Debug;
		};
		338277971FF951690077F5F4 /* Release */ = {
			isa = XCBuildConfiguration;
			buildSettings = {
				CLANG_CXX_LANGUAGE_STANDARD = "gnu++14";
				CODE_SIGN_IDENTITY = "-";
				CODE_SIGN_STYLE = Automatic;
				COMBINE_HIDPI_IMAGES = YES;
				INFOPLIST_FILE = Tests/Info.plist;
				LD_RUNPATH_SEARCH_PATHS = "$(inherited) @executable_path/../Frameworks @loader_path/../Frameworks";
				MACOSX_DEPLOYMENT_TARGET = 10.13;
				PRODUCT_BUNDLE_IDENTIFIER = "com.0xxd0.$(PRODUCT_NAME:rfc1034identifier)";
				PRODUCT_NAME = "$(TARGET_NAME)";
			};
			name = Release;
		};
/* End XCBuildConfiguration section */

/* Begin XCConfigurationList section */
		330CBA3E1FF36DC4001FD41C /* Build configuration list for PBXProject "CocoaSwift" */ = {
			isa = XCConfigurationList;
			buildConfigurations = (
				330CBA4A1FF36DC4001FD41C /* Debug */,
				330CBA4B1FF36DC4001FD41C /* Release */,
			);
			defaultConfigurationIsVisible = 0;
			defaultConfigurationName = Release;
		};
		330CBA4C1FF36DC4001FD41C /* Build configuration list for PBXNativeTarget "CocoaSwift.macOS" */ = {
			isa = XCConfigurationList;
			buildConfigurations = (
				330CBA4D1FF36DC4001FD41C /* Debug */,
				330CBA4E1FF36DC4001FD41C /* Release */,
			);
			defaultConfigurationIsVisible = 0;
			defaultConfigurationName = Release;
		};
		330CBA5A1FF36EE2001FD41C /* Build configuration list for PBXNativeTarget "CocoaSwift.iOS" */ = {
			isa = XCConfigurationList;
			buildConfigurations = (
				330CBA5B1FF36EE2001FD41C /* Debug */,
				330CBA5C1FF36EE2001FD41C /* Release */,
			);
			defaultConfigurationIsVisible = 0;
			defaultConfigurationName = Release;
		};
		338277981FF951690077F5F4 /* Build configuration list for PBXNativeTarget "CocoaSwiftTests" */ = {
			isa = XCConfigurationList;
			buildConfigurations = (
				338277961FF951690077F5F4 /* Debug */,
				338277971FF951690077F5F4 /* Release */,
			);
			defaultConfigurationIsVisible = 0;
			defaultConfigurationName = Release;
		};
/* End XCConfigurationList section */
	};
	rootObject = 330CBA3B1FF36DC4001FD41C /* Project object */;
}
